Microsoft Visual Studio Solution File, Format Version 12.00
# Visual Studio Version 16
VisualStudioVersion = 16.0.29215.179
MinimumVisualStudioVersion = 10.0.40219.1
Project("{6EC3EE1D-3C4E-46DD-8F32-0CC8E7565705}") = "BufferedCryptoRandom", "BufferedCryptoRandom.fsproj", "{23E14B1C-F548-4D2D-AAB1-1CB6A66501F5}"
EndProject
Project("{2150E333-8FDC-42A3-9474-1A3956D46DE8}") = "Solution Items", "Solution Items", "{D0853728-C6E7-417B-9225-88581725CA07}"
	ProjectSection(SolutionItems) = preProject
		..\.editorconfig = ..\.editorconfig
		..\.gitattributes = ..\.gitattributes
		..\.gitignore = ..\.gitignore
		..\CHANGELOG.md = ..\CHANGELOG.md
		..\invoke.build.ps1 = ..\invoke.build.ps1
		..\README.md = ..\README.md
	EndProjectSection
EndProject
Project("{2150E333-8FDC-42A3-9474-1A3956D46DE8}") = "doc", "doc", "{E4BF4915-A361-4456-8E68-76618624F52A}"
	ProjectSection(SolutionItems) = preProject
		..\doc\api.md = ..\doc\api.md
	EndProjectSection
EndProject
Global
	GlobalSection(SolutionConfigurationPlatforms) = preSolution
		Debug|Any CPU = Debug|Any CPU
		DebugFable|Any CPU = DebugFable|Any CPU
		Release|Any CPU = Release|Any CPU
	EndGlobalSection
	GlobalSection(ProjectConfigurationPlatforms) = postSolution
		{23E14B1C-F548-4D2D-AAB1-1CB6A66501F5}.Debug|Any CPU.ActiveCfg = Debug|Any CPU
		{23E14B1C-F548-4D2D-AAB1-1CB6A66501F5}.Debug|Any CPU.Build.0 = Debug|Any CPU
		{23E14B1C-F548-4D2D-AAB1-1CB6A66501F5}.DebugFable|Any CPU.ActiveCfg = DebugFable|Any CPU
		{23E14B1C-F548-4D2D-AAB1-1CB6A66501F5}.DebugFable|Any CPU.Build.0 = DebugFable|Any CPU
		{23E14B1C-F548-4D2D-AAB1-1CB6A66501F5}.Release|Any CPU.ActiveCfg = Release|Any CPU
		{23E14B1C-F548-4D2D-AAB1-1CB6A66501F5}.Release|Any CPU.Build.0 = Release|Any CPU
	EndGlobalSection
	GlobalSection(SolutionProperties) = preSolution
		HideSolutionNode = FALSE
	EndGlobalSection
	GlobalSection(NestedProjects) = preSolution
		{E4BF4915-A361-4456-8E68-76618624F52A} = {D0853728-C6E7-417B-9225-88581725CA07}
	EndGlobalSection
	GlobalSection(ExtensibilityGlobals) = postSolution
		SolutionGuid = {CCB96310-59DA-4DF6-9D3D-8EAB510CF13D}
	EndGlobalSection
EndGlobal
